
Microsoft Visual Studio Solution File, Format Version 12.00
# Visual Studio Version 16
VisualStudioVersion = 16.0.32126.315
MinimumVisualStudioVersion = 10.0.40219.1
Project("{FAE04EC0-301F-11D3-BF4B-00C04F79EFBC}") = "App1.Android", "App1\App1.Android\App1.Android.csproj", "{E38BEBFE-2015-4BA1-8CB8-5A41D0688308}"
EndProject
Project("{FAE04EC0-301F-11D3-BF4B-00C04F79EFBC}") = "App1.iOS", "App1\App1.iOS\App1.iOS.csproj", "{6C42011C-DA06-442A-9771-15DA160EDA51}"
EndProject
Project("{FAE04EC0-301F-11D3-BF4B-00C04F79EFBC}") = "App1", "App1\App1\App1.csproj", "{E6D4708A-2938-4D86-81BE-907A7B3AC66A}"
EndProject
Global
	GlobalSection(SolutionConfigurationPlatforms) = preSolution
		Debug|Any CPU = Debug|Any CPU
		Debug|iPhone = Debug|iPhone
		Debug|iPhoneSimulator = Debug|iPhoneSimulator
		Release|Any CPU = Release|Any CPU
		Release|iPhone = Release|iPhone
		Release|iPhoneSimulator = Release|iPhoneSimulator
	EndGlobalSection
	GlobalSection(ProjectConfigurationPlatforms) = postSolution
		{E38BEBFE-2015-4BA1-8CB8-5A41D0688308}.Debug|Any CPU.ActiveCfg = Debug|Any CPU
		{E38BEBFE-2015-4BA1-8CB8-5A41D0688308}.Debug|Any CPU.Build.0 = Debug|Any CPU
		{E38BEBFE-2015-4BA1-8CB8-5A41D0688308}.Debug|Any CPU.Deploy.0 = Debug|Any CPU
		{E38BEBFE-2015-4BA1-8CB8-5A41D0688308}.Debug|iPhone.ActiveCfg = Debug|Any CPU
		{E38BEBFE-2015-4BA1-8CB8-5A41D0688308}.Debug|iPhone.Build.0 = Debug|Any CPU
		{E38BEBFE-2015-4BA1-8CB8-5A41D0688308}.Debug|iPhone.Deploy.0 = Debug|Any CPU
		{E38BEBFE-2015-4BA1-8CB8-5A41D0688308}.Debug|iPhoneSimulator.ActiveCfg = Debug|Any CPU
		{E38BEBFE-2015-4BA1-8CB8-5A41D0688308}.Debug|iPhoneSimulator.Build.0 = Debug|Any CPU
		{E38BEBFE-2015-4BA1-8CB8-5A41D0688308}.Debug|iPhoneSimulator.Deploy.0 = Debug|Any CPU
		{E38BEBFE-2015-4BA1-8CB8-5A41D0688308}.Release|Any CPU.ActiveCfg = Release|Any CPU
		{E38BEBFE-2015-4BA1-8CB8-5A41D0688308}.Release|Any CPU.Build.0 = Release|Any CPU
		{E38BEBFE-2015-4BA1-8CB8-5A41D0688308}.Release|Any CPU.Deploy.0 = Release|Any CPU
		{E38BEBFE-2015-4BA1-8CB8-5A41D0688308}.Release|iPhone.ActiveCfg = Release|Any CPU
		{E38BEBFE-2015-4BA1-8CB8-5A41D0688308}.Release|iPhone.Build.0 = Release|Any CPU
		{E38BEBFE-2015-4BA1-8CB8-5A41D0688308}.Release|iPhone.Deploy.0 = Release|Any CPU
		{E38BEBFE-2015-4BA1-8CB8-5A41D0688308}.Release|iPhoneSimulator.ActiveCfg = Release|Any CPU
		{E38BEBFE-2015-4BA1-8CB8-5A41D0688308}.Release|iPhoneSimulator.Build.0 = Release|Any CPU
		{E38BEBFE-2015-4BA1-8CB8-5A41D0688308}.Release|iPhoneSimulator.Deploy.0 = Release|Any CPU
		{6C42011C-DA06-442A-9771-15DA160EDA51}.Debug|Any CPU.ActiveCfg = Debug|iPhone
		{6C42011C-DA06-442A-9771-15DA160EDA51}.Debug|Any CPU.Build.0 = Debug|iPhone
		{6C42011C-DA06-442A-9771-15DA160EDA51}.Debug|Any CPU.Deploy.0 = Debug|iPhone
		{6C42011C-DA06-442A-9771-15DA160EDA51}.Debug|iPhone.ActiveCfg = Debug|iPhone
		{6C42011C-DA06-442A-9771-15DA160EDA51}.Debug|iPhone.Build.0 = Debug|iPhone
		{6C42011C-DA06-442A-9771-15DA160EDA51}.Debug|iPhone.Deploy.0 = Debug|iPhone
		{6C42011C-DA06-442A-9771-15DA160EDA51}.Debug|iPhoneSimulator.ActiveCfg = Debug|iPhoneSimulator
		{6C42011C-DA06-442A-9771-15DA160EDA51}.Debug|iPhoneSimulator.Build.0 = Debug|iPhoneSimulator
		{6C42011C-DA06-442A-9771-15DA160EDA51}.Debug|iPhoneSimulator.Deploy.0 = Debug|iPhoneSimulator
		{6C42011C-DA06-442A-9771-15DA160EDA51}.Release|Any CPU.ActiveCfg = Release|iPhoneSimulator
		{6C42011C-DA06-442A-9771-15DA160EDA51}.Release|Any CPU.Build.0 = Release|iPhoneSimulator
		{6C42011C-DA06-442A-9771-15DA160EDA51}.Release|Any CPU.Deploy.0 = Release|iPhoneSimulator
		{6C42011C-DA06-442A-9771-15DA160EDA51}.Release|iPhone.ActiveCfg = Release|iPhone
		{6C42011C-DA06-442A-9771-15DA160EDA51}.Release|iPhone.Build.0 = Release|iPhone
		{6C42011C-DA06-442A-9771-15DA160EDA51}.Release|iPhone.Deploy.0 = Release|iPhone
		{6C42011C-DA06-442A-9771-15DA160EDA51}.Release|iPhoneSimulator.ActiveCfg = Release|iPhoneSimulator
		{6C42011C-DA06-442A-9771-15DA160EDA51}.Release|iPhoneSimulator.Build.0 = Release|iPhoneSimulator
		{6C42011C-DA06-442A-9771-15DA160EDA51}.Release|iPhoneSimulator.Deploy.0 = Release|iPhoneSimulator
		{E6D4708A-2938-4D86-81BE-907A7B3AC66A}.Debug|Any CPU.ActiveCfg = Debug|Any CPU
		{E6D4708A-2938-4D86-81BE-907A7B3AC66A}.Debug|Any CPU.Build.0 = Debug|Any CPU
		{E6D4708A-2938-4D86-81BE-907A7B3AC66A}.Debug|Any CPU.Deploy.0 = Debug|Any CPU
		{E6D4708A-2938-4D86-81BE-907A7B3AC66A}.Debug|iPhone.ActiveCfg = Debug|Any CPU
		{E6D4708A-2938-4D86-81BE-907A7B3AC66A}.Debug|iPhone.Build.0 = Debug|Any CPU
		{E6D4708A-2938-4D86-81BE-907A7B3AC66A}.Debug|iPhone.Deploy.0 = Debug|Any CPU
		{E6D4708A-2938-4D86-81BE-907A7B3AC66A}.Debug|iPhoneSimulator.ActiveCfg = Debug|Any CPU
		{E6D4708A-2938-4D86-81BE-907A7B3AC66A}.Debug|iPhoneSimulator.Build.0 = Debug|Any CPU
		{E6D4708A-2938-4D86-81BE-907A7B3AC66A}.Debug|iPhoneSimulator.Deploy.0 = Debug|Any CPU
		{E6D4708A-2938-4D86-81BE-907A7B3AC66A}.Release|Any CPU.ActiveCfg = Release|Any CPU
		{E6D4708A-2938-4D86-81BE-907A7B3AC66A}.Release|Any CPU.Build.0 = Release|Any CPU
		{E6D4708A-2938-4D86-81BE-907A7B3AC66A}.Release|Any CPU.Deploy.0 = Release|Any CPU
		{E6D4708A-2938-4D86-81BE-907A7B3AC66A}.Release|iPhone.ActiveCfg = Release|Any CPU
		{E6D4708A-2938-4D86-81BE-907A7B3AC66A}.Release|iPhone.Build.0 = Release|Any CPU
		{E6D4708A-2938-4D86-81BE-907A7B3AC66A}.Release|iPhone.Deploy.0 = Release|Any CPU
		{E6D4708A-2938-4D86-81BE-907A7B3AC66A}.Release|iPhoneSimulator.ActiveCfg = Release|Any CPU
		{E6D4708A-2938-4D86-81BE-907A7B3AC66A}.Release|iPhoneSimulator.Build.0 = Release|Any CPU
		{E6D4708A-2938-4D86-81BE-907A7B3AC66A}.Release|iPhoneSimulator.Deploy.0 = Release|Any CPU
	EndGlobalSection
	GlobalSection(SolutionProperties) = preSolution
		HideSolutionNode = FALSE
	EndGlobalSection
	GlobalSection(ExtensibilityGlobals) = postSolution
		SolutionGuid = {A3707431-4588-4117-BCA9-6C4578B58001}
	EndGlobalSection
EndGlobal
